// !$*UTF8*$!
{
	archiveVersion = 1;
	classes = {
	};
	objectVersion = 55;
	objects = {

/* Begin PBXBuildFile section */
		A71D83C9291ED7CF00EC78EF /* Project2_FinalApp.swift in Sources */ = {isa = PBXBuildFile; fileRef = A71D83C8291ED7CF00EC78EF /* Project2_FinalApp.swift */; };
		A71D83CB291ED7CF00EC78EF /* ContentView.swift in Sources */ = {isa = PBXBuildFile; fileRef = A71D83CA291ED7CF00EC78EF /* ContentView.swift */; };
		A71D83CD291ED7D000EC78EF /* Assets.xcassets in Resources */ = {isa = PBXBuildFile; fileRef = A71D83CC291ED7D000EC78EF /* Assets.xcassets */; };
		A71D83D0291ED7D000EC78EF /* Preview Assets.xcassets in Resources */ = {isa = PBXBuildFile; fileRef = A71D83CF291ED7D000EC78EF /* Preview Assets.xcassets */; };
		A71D83DA291ED96E00EC78EF /* ViewModel.swift in Sources */ = {isa = PBXBuildFile; fileRef = A71D83D9291ED96E00EC78EF /* ViewModel.swift */; };
		A71D83DC291ED9C500EC78EF /* AddingItemsView.swift in Sources */ = {isa = PBXBuildFile; fileRef = A71D83DB291ED9C500EC78EF /* AddingItemsView.swift */; };
		A71D83DE291ED9DB00EC78EF /* ScanningView.swift in Sources */ = {isa = PBXBuildFile; fileRef = A71D83DD291ED9DB00EC78EF /* ScanningView.swift */; };
		A71D83E4291EDA2400EC78EF /* ReviewView.swift in Sources */ = {isa = PBXBuildFile; fileRef = A71D83E3291EDA2400EC78EF /* ReviewView.swift */; };
		A71D83E6291EDA3100EC78EF /* ReceiptView.swift in Sources */ = {isa = PBXBuildFile; fileRef = A71D83E5291EDA3100EC78EF /* ReceiptView.swift */; };
		A71D83E8291F120700EC78EF /* Trylife-list.json in Resources */ = {isa = PBXBuildFile; fileRef = A71D83E7291F120700EC78EF /* Trylife-list.json */; };
		A71D83EA291F1AA800EC78EF /* TryLifeList.swift in Sources */ = {isa = PBXBuildFile; fileRef = A71D83E9291F1AA800EC78EF /* TryLifeList.swift */; };
		A7F0AD1C2933F47F00C127B3 /* CarBode in Frameworks */ = {isa = PBXBuildFile; productRef = A7F0AD1B2933F47F00C127B3 /* CarBode */; };
/* End PBXBuildFile section */

/* Begin PBXFileReference section */
		A71D83C5291ED7CF00EC78EF /* Project2-Final.app */ = {isa = PBXFileReference; explicitFileType = wrapper.application; includeInIndex = 0; path = "Project2-Final.app"; sourceTree = BUILT_PRODUCTS_DIR; };
		A71D83C8291ED7CF00EC78EF /* Project2_FinalApp.swift */ = {isa = PBXFileReference; lastKnownFileType = sourcecode.swift; path = Project2_FinalApp.swift; sourceTree = "<group>"; };
		A71D83CA291ED7CF00EC78EF /* ContentView.swift */ = {isa = PBXFileReference; lastKnownFileType = sourcecode.swift; path = ContentView.swift; sourceTree = "<group>"; };
		A71D83CC291ED7D000EC78EF /* Assets.xcassets */ = {isa = PBXFileReference; lastKnownFileType = folder.assetcatalog; path = Assets.xcassets; sourceTree = "<group>"; };
		A71D83CF291ED7D000EC78EF /* Preview Assets.xcassets */ = {isa = PBXFileReference; lastKnownFileType = folder.assetcatalog; path = "Preview Assets.xcassets"; sourceTree = "<group>"; };
		A71D83D9291ED96E00EC78EF /* ViewModel.swift */ = {isa = PBXFileReference; lastKnownFileType = sourcecode.swift; path = ViewModel.swift; sourceTree = "<group>"; };
		A71D83DB291ED9C500EC78EF /* AddingItemsView.swift */ = {isa = PBXFileReference; lastKnownFileType = sourcecode.swift; path = AddingItemsView.swift; sourceTree = "<group>"; };
		A71D83DD291ED9DB00EC78EF /* ScanningView.swift */ = {isa = PBXFileReference; lastKnownFileType = sourcecode.swift; path = ScanningView.swift; sourceTree = "<group>"; };
		A71D83E3291EDA2400EC78EF /* ReviewView.swift */ = {isa = PBXFileReference; lastKnownFileType = sourcecode.swift; path = ReviewView.swift; sourceTree = "<group>"; };
		A71D83E5291EDA3100EC78EF /* ReceiptView.swift */ = {isa = PBXFileReference; lastKnownFileType = sourcecode.swift; path = ReceiptView.swift; sourceTree = "<group>"; };
		A71D83E7291F120700EC78EF /* Trylife-list.json */ = {isa = PBXFileReference; lastKnownFileType = text.json; path = "Trylife-list.json"; sourceTree = "<group>"; };
		A71D83E9291F1AA800EC78EF /* TryLifeList.swift */ = {isa = PBXFileReference; lastKnownFileType = sourcecode.swift; path = TryLifeList.swift; sourceTree = "<group>"; };
/* End PBXFileReference section */

/* Begin PBXFrameworksBuildPhase section */
		A71D83C2291ED7CF00EC78EF /* Frameworks */ = {
			isa = PBXFrameworksBuildPhase;
			buildActionMask = 2147483647;
			files = (
				A7F0AD1C2933F47F00C127B3 /* CarBode in Frameworks */,
			);
			runOnlyForDeploymentPostprocessing = 0;
		};
/* End PBXFrameworksBuildPhase section */

/* Begin PBXGroup section */
		A71D83BC291ED7CF00EC78EF = {
			isa = PBXGroup;
			children = (
				A71D83C8291ED7CF00EC78EF /* Project2_FinalApp.swift */,
				A71D83D8291ED94C00EC78EF /* Models */,
				A71D83D7291ED94600EC78EF /* ViewModels */,
				A71D83D6291ED93F00EC78EF /* Views */,
				A71D83C7291ED7CF00EC78EF /* Project2-Final */,
				A71D83C6291ED7CF00EC78EF /* Products */,
			);
			sourceTree = "<group>";
		};
		A71D83C6291ED7CF00EC78EF /* Products */ = {
			isa = PBXGroup;
			children = (
				A71D83C5291ED7CF00EC78EF /* Project2-Final.app */,
			);
			name = Products;
			sourceTree = "<group>";
		};
		A71D83C7291ED7CF00EC78EF /* Project2-Final */ = {
			isa = PBXGroup;
			children = (
				A71D83E7291F120700EC78EF /* Trylife-list.json */,
				A71D83CC291ED7D000EC78EF /* Assets.xcassets */,
				A71D83CE291ED7D000EC78EF /* Preview Content */,
			);
			path = "Project2-Final";
			sourceTree = "<group>";
		};
		A71D83CE291ED7D000EC78EF /* Preview Content */ = {
			isa = PBXGroup;
			children = (
				A71D83CF291ED7D000EC78EF /* Preview Assets.xcassets */,
			);
			path = "Preview Content";
			sourceTree = "<group>";
		};
		A71D83D6291ED93F00EC78EF /* Views */ = {
			isa = PBXGroup;
			children = (
				A71D83CA291ED7CF00EC78EF /* ContentView.swift */,
				A71D83DB291ED9C500EC78EF /* AddingItemsView.swift */,
				A71D83DD291ED9DB00EC78EF /* ScanningView.swift */,
				A71D83E3291EDA2400EC78EF /* ReviewView.swift */,
				A71D83E5291EDA3100EC78EF /* ReceiptView.swift */,
			);
			path = Views;
			sourceTree = "<group>";
		};
		A71D83D7291ED94600EC78EF /* ViewModels */ = {
			isa = PBXGroup;
			children = (
				A71D83D9291ED96E00EC78EF /* ViewModel.swift */,
			);
			path = ViewModels;
			sourceTree = "<group>";
		};
		A71D83D8291ED94C00EC78EF /* Models */ = {
			isa = PBXGroup;
			children = (
				A71D83E9291F1AA800EC78EF /* TryLifeList.swift */,
			);
			path = Models;
			sourceTree = "<group>";
		};
/* End PBXGroup section */

/* Begin PBXNativeTarget section */
		A71D83C4291ED7CF00EC78EF /* Project2-Final */ = {
			isa = PBXNativeTarget;
			buildConfigurationList = A71D83D3291ED7D000EC78EF /* Build configuration list for PBXNativeTarget "Project2-Final" */;
			buildPhases = (
				A71D83C1291ED7CF00EC78EF /* Sources */,
				A71D83C2291ED7CF00EC78EF /* Frameworks */,
				A71D83C3291ED7CF00EC78EF /* Resources */,
			);
			buildRules = (
			);
			dependencies = (
			);
			name = "Project2-Final";
			packageProductDependencies = (
				A7F0AD1B2933F47F00C127B3 /* CarBode */,
			);
			productName = "Project2-Final";
			productReference = A71D83C5291ED7CF00EC78EF /* Project2-Final.app */;
			productType = "com.apple.product-type.application";
		};
/* End PBXNativeTarget section */

/* Begin PBXProject section */
		A71D83BD291ED7CF00EC78EF /* Project object */ = {
			isa = PBXProject;
			attributes = {
				BuildIndependentTargetsInParallel = 1;
				LastSwiftUpdateCheck = 1340;
				LastUpgradeCheck = 1340;
				TargetAttributes = {
					A71D83C4291ED7CF00EC78EF = {
						CreatedOnToolsVersion = 13.4.1;
					};
				};
			};
			buildConfigurationList = A71D83C0291ED7CF00EC78EF /* Build configuration list for PBXProject "Project2-Final" */;
			compatibilityVersion = "Xcode 13.0";
			developmentRegion = en;
			hasScannedForEncodings = 0;
			knownRegions = (
				en,
				Base,
			);
			mainGroup = A71D83BC291ED7CF00EC78EF;
			packageReferences = (
				A7F0AD1A2933F47F00C127B3 /* XCRemoteSwiftPackageReference "CarBode-Barcode-Scanner-For-SwiftUI" */,
			);
			productRefGroup = A71D83C6291ED7CF00EC78EF /* Products */;
			projectDirPath = "";
			projectRoot = "";
			targets = (
				A71D83C4291ED7CF00EC78EF /* Project2-Final */,
			);
		};
/* End PBXProject section */

/* Begin PBXResourcesBuildPhase section */
		A71D83C3291ED7CF00EC78EF /* Resources */ = {
			isa = PBXResourcesBuildPhase;
			buildActionMask = 2147483647;
			files = (
				A71D83D0291ED7D000EC78EF /* Preview Assets.xcassets in Resources */,
				A71D83CD291ED7D000EC78EF /* Assets.xcassets in Resources */,
				A71D83E8291F120700EC78EF /* Trylife-list.json in Resources */,
			);
			runOnlyForDeploymentPostprocessing = 0;
		};
/* End PBXResourcesBuildPhase section */

/* Begin PBXSourcesBuildPhase section */
		A71D83C1291ED7CF00EC78EF /* Sources */ = {
			isa = PBXSourcesBuildPhase;
			buildActionMask = 2147483647;
			files = (
				A71D83E6291EDA3100EC78EF /* ReceiptView.swift in Sources */,
				A71D83E4291EDA2400EC78EF /* ReviewView.swift in Sources */,
				A71D83DE291ED9DB00EC78EF /* ScanningView.swift in Sources */,
				A71D83EA291F1AA800EC78EF /* TryLifeList.swift in Sources */,
				A71D83DC291ED9C500EC78EF /* AddingItemsView.swift in Sources */,
				A71D83CB291ED7CF00EC78EF /* ContentView.swift in Sources */,
				A71D83DA291ED96E00EC78EF /* ViewModel.swift in Sources */,
				A71D83C9291ED7CF00EC78EF /* Project2_FinalApp.swift in Sources */,
			);
			runOnlyForDeploymentPostprocessing = 0;
		};
/* End PBXSourcesBuildPhase section */

/* Begin XCBuildConfiguration section */
		A71D83D1291ED7D000EC78EF /* Debug */ = {
			isa = XCBuildConfiguration;
			buildSettings = {
				ALWAYS_SEARCH_USER_PATHS = NO;
				CLANG_ANALYZER_NONNULL = YES;
				CLANG_ANALYZER_NUMBER_OBJECT_CONVERSION = YES_AGGRESSIVE;
				CLANG_CXX_LANGUAGE_STANDARD = "gnu++17";
				CLANG_ENABLE_MODULES = YES;
				CLANG_ENABLE_OBJC_ARC = YES;
				CLANG_ENABLE_OBJC_WEAK = YES;
				CLANG_WARN_BLOCK_CAPTURE_AUTORELEASING = YES;
				CLANG_WARN_BOOL_CONVERSION = YES;
				CLANG_WARN_COMMA = YES;
				CLANG_WARN_CONSTANT_CONVERSION = YES;
				CLANG_WARN_DEPRECATED_OBJC_IMPLEMENTATIONS = YES;
				CLANG_WARN_DIRECT_OBJC_ISA_USAGE = YES_ERROR;
				CLANG_WARN_DOCUMENTATION_COMMENTS = YES;
				CLANG_WARN_EMPTY_BODY = YES;
				CLANG_WARN_ENUM_CONVERSION = YES;
				CLANG_WARN_INFINITE_RECURSION = YES;
				CLANG_WARN_INT_CONVERSION = YES;
				CLANG_WARN_NON_LITERAL_NULL_CONVERSION = YES;
				CLANG_WARN_OBJC_IMPLICIT_RETAIN_SELF = YES;
				CLANG_WARN_OBJC_LITERAL_CONVERSION = YES;
				CLANG_WARN_OBJC_ROOT_CLASS = YES_ERROR;
				CLANG_WARN_QUOTED_INCLUDE_IN_FRAMEWORK_HEADER = YES;
				CLANG_WARN_RANGE_LOOP_ANALYSIS = YES;
				CLANG_WARN_STRICT_PROTOTYPES = YES;
				CLANG_WARN_SUSPICIOUS_MOVE = YES;
				CLANG_WARN_UNGUARDED_AVAILABILITY = YES_AGGRESSIVE;
				CLANG_WARN_UNREACHABLE_CODE = YES;
				CLANG_WARN__DUPLICATE_METHOD_MATCH = YES;
				COPY_PHASE_STRIP = NO;
				DEBUG_INFORMATION_FORMAT = dwarf;
				ENABLE_STRICT_OBJC_MSGSEND = YES;
				ENABLE_TESTABILITY = YES;
				GCC_C_LANGUAGE_STANDARD = gnu11;
				GCC_DYNAMIC_NO_PIC = NO;
				GCC_NO_COMMON_BLOCKS = YES;
				GCC_OPTIMIZATION_LEVEL = 0;
				GCC_PREPROCESSOR_DEFINITIONS = (
					"DEBUG=1",
					"$(inherited)",
				);
				GCC_WARN_64_TO_32_BIT_CONVERSION = YES;
				GCC_WARN_ABOUT_RETURN_TYPE = YES_ERROR;
				GCC_WARN_UNDECLARED_SELECTOR = YES;
				GCC_WARN_UNINITIALIZED_AUTOS = YES_AGGRESSIVE;
				GCC_WARN_UNUSED_FUNCTION = YES;
				GCC_WARN_UNUSED_VARIABLE = YES;
				IPHONEOS_DEPLOYMENT_TARGET = 15.5;
				MTL_ENABLE_DEBUG_INFO = INCLUDE_SOURCE;
				MTL_FAST_MATH = YES;
				ONLY_ACTIVE_ARCH = YES;
				SDKROOT = iphoneos;
				SWIFT_ACTIVE_COMPILATION_CONDITIONS = DEBUG;
				SWIFT_OPTIMIZATION_LEVEL = "-Onone";
			};
			name = Debug;
		};
		A71D83D2291ED7D000EC78EF /* Release */ = {
			isa = XCBuildConfiguration;
			buildSettings = {
				ALWAYS_SEARCH_USER_PATHS = NO;
				CLANG_ANALYZER_NONNULL = YES;
				CLANG_ANALYZER_NUMBER_OBJECT_CONVERSION = YES_AGGRESSIVE;
				CLANG_CXX_LANGUAGE_STANDARD = "gnu++17";
				CLANG_ENABLE_MODULES = YES;
				CLANG_ENABLE_OBJC_ARC = YES;
				CLANG_ENABLE_OBJC_WEAK = YES;
				CLANG_WARN_BLOCK_CAPTURE_AUTORELEASING = YES;
				CLANG_WARN_BOOL_CONVERSION = YES;
				CLANG_WARN_COMMA = YES;
				CLANG_WARN_CONSTANT_CONVERSION = YES;
				CLANG_WARN_DEPRECATED_OBJC_IMPLEMENTATIONS = YES;
				CLANG_WARN_DIRECT_OBJC_ISA_USAGE = YES_ERROR;
				CLANG_WARN_DOCUMENTATION_COMMENTS = YES;
				CLANG_WARN_EMPTY_BODY = YES;
				CLANG_WARN_ENUM_CONVERSION = YES;
				CLANG_WARN_INFINITE_RECURSION = YES;
				CLANG_WARN_INT_CONVERSION = YES;
				CLANG_WARN_NON_LITERAL_NULL_CONVERSION = YES;
				CLANG_WARN_OBJC_IMPLICIT_RETAIN_SELF = YES;
				CLANG_WARN_OBJC_LITERAL_CONVERSION = YES;
				CLANG_WARN_OBJC_ROOT_CLASS = YES_ERROR;
				CLANG_WARN_QUOTED_INCLUDE_IN_FRAMEWORK_HEADER = YES;
				CLANG_WARN_RANGE_LOOP_ANALYSIS = YES;
				CLANG_WARN_STRICT_PROTOTYPES = YES;
				CLANG_WARN_SUSPICIOUS_MOVE = YES;
				CLANG_WARN_UNGUARDED_AVAILABILITY = YES_AGGRESSIVE;
				CLANG_WARN_UNREACHABLE_CODE = YES;
				CLANG_WARN__DUPLICATE_METHOD_MATCH = YES;
				COPY_PHASE_STRIP = NO;
				DEBUG_INFORMATION_FORMAT = "dwarf-with-dsym";
				ENABLE_NS_ASSERTIONS = NO;
				ENABLE_STRICT_OBJC_MSGSEND = YES;
				GCC_C_LANGUAGE_STANDARD = gnu11;
				GCC_NO_COMMON_BLOCKS = YES;
				GCC_WARN_64_TO_32_BIT_CONVERSION = YES;
				GCC_WARN_ABOUT_RETURN_TYPE = YES_ERROR;
				GCC_WARN_UNDECLARED_SELECTOR = YES;
				GCC_WARN_UNINITIALIZED_AUTOS = YES_AGGRESSIVE;
				GCC_WARN_UNUSED_FUNCTION = YES;
				GCC_WARN_UNUSED_VARIABLE = YES;
				IPHONEOS_DEPLOYMENT_TARGET = 15.5;
				MTL_ENABLE_DEBUG_INFO = NO;
				MTL_FAST_MATH = YES;
				SDKROOT = iphoneos;
				SWIFT_COMPILATION_MODE = wholemodule;
				SWIFT_OPTIMIZATION_LEVEL = "-O";
				VALIDATE_PRODUCT = YES;
			};
			name = Release;
		};
		A71D83D4291ED7D000EC78EF /* Debug */ = {
			isa = XCBuildConfiguration;
			buildSettings = {
				ASSETCATALOG_COMPILER_APPICON_NAME = AppIcon;
				ASSETCATALOG_COMPILER_GLOBAL_ACCENT_COLOR_NAME = AccentColor;
				CODE_SIGN_STYLE = Automatic;
				CURRENT_PROJECT_VERSION = 1;
				DEVELOPMENT_ASSET_PATHS = "\"Project2-Final/Preview Content\"";
				DEVELOPMENT_TEAM = DR97L3UCZR;
				ENABLE_PREVIEWS = YES;
				GENERATE_INFOPLIST_FILE = YES;
				INFOPLIST_KEY_NSCameraUsageDescription = "This app needs access to the camera, to be able to read barcodes.";
				INFOPLIST_KEY_UIApplicationSceneManifest_Generation = YES;
				INFOPLIST_KEY_UIApplicationSupportsIndirectInputEvents = YES;
				INFOPLIST_KEY_UILaunchScreen_Generation = YES;
				INFOPLIST_KEY_UISupportedInterfaceOrientations_iPad = "UIInterfaceOrientationPortrait UIInterfaceOrientationPortraitUpsideDown UIInterfaceOrientationLandscapeLeft UIInterfaceOrientationLandscapeRight";
				INFOPLIST_KEY_UISupportedInterfaceOrientations_iPhone = "UIInterfaceOrientationPortrait UIInterfaceOrientationLandscapeLeft UIInterfaceOrientationLandscapeRight";
				IPHONEOS_DEPLOYMENT_TARGET = 15.0;
				LD_RUNPATH_SEARCH_PATHS = (
					"$(inherited)",
					"@executable_path/Frameworks",
				);
				MARKETING_VERSION = 1.0;
				PRODUCT_BUNDLE_IDENTIFIER = "maurad.Project2-Final";
				PRODUCT_NAME = "$(TARGET_NAME)";
				SWIFT_EMIT_LOC_STRINGS = YES;
				SWIFT_VERSION = 5.0;
				TARGETED_DEVICE_FAMILY = "1,2";
			};
			name = Debug;
		};
		A71D83D5291ED7D000EC78EF /* Release */ = {
			isa = XCBuildConfiguration;
			buildSettings = {
				ASSETCATALOG_COMPILER_APPICON_NAME = AppIcon;
				ASSETCATALOG_COMPILER_GLOBAL_ACCENT_COLOR_NAME = AccentColor;
				CODE_SIGN_STYLE = Automatic;
				CURRENT_PROJECT_VERSION = 1;
				DEVELOPMENT_ASSET_PATHS = "\"Project2-Final/Preview Content\"";
				DEVELOPMENT_TEAM = DR97L3UCZR;
				ENABLE_PREVIEWS = YES;
				GENERATE_INFOPLIST_FILE = YES;
				INFOPLIST_KEY_NSCameraUsageDescription = "This app needs access to the camera, to be able to read barcodes.";
				INFOPLIST_KEY_UIApplicationSceneManifest_Generation = YES;
				INFOPLIST_KEY_UIApplicationSupportsIndirectInputEvents = YES;
				INFOPLIST_KEY_UILaunchScreen_Generation = YES;
				INFOPLIST_KEY_UISupportedInterfaceOrientations_iPad = "UIInterfaceOrientationPortrait UIInterfaceOrientationPortraitUpsideDown UIInterfaceOrientationLandscapeLeft UIInterfaceOrientationLandscapeRight";
				INFOPLIST_KEY_UISupportedInterfaceOrientations_iPhone = "UIInterfaceOrientationPortrait UIInterfaceOrientationLandscapeLeft UIInterfaceOrientationLandscapeRight";
				IPHONEOS_DEPLOYMENT_TARGET = 15.0;
				LD_RUNPATH_SEARCH_PATHS = (
					"$(inherited)",
					"@executable_path/Frameworks",
				);
				MARKETING_VERSION = 1.0;
				PRODUCT_BUNDLE_IDENTIFIER = "maurad.Project2-Final";
				PRODUCT_NAME = "$(TARGET_NAME)";
				SWIFT_EMIT_LOC_STRINGS = YES;
				SWIFT_VERSION = 5.0;
				TARGETED_DEVICE_FAMILY = "1,2";
			};
			name = Release;
		};
/* End XCBuildConfiguration section */

/* Begin XCConfigurationList section */
		A71D83C0291ED7CF00EC78EF /* Build configuration list for PBXProject "Project2-Final" */ = {
			isa = XCConfigurationList;
			buildConfigurations = (
				A71D83D1291ED7D000EC78EF /* Debug */,
				A71D83D2291ED7D000EC78EF /* Release */,
			);
			defaultConfigurationIsVisible = 0;
			defaultConfigurationName = Release;
		};
		A71D83D3291ED7D000EC78EF /* Build configuration list for PBXNativeTarget "Project2-Final" */ = {
			isa = XCConfigurationList;
			buildConfigurations = (
				A71D83D4291ED7D000EC78EF /* Debug */,
				A71D83D5291ED7D000EC78EF /* Release */,
			);
			defaultConfigurationIsVisible = 0;
			defaultConfigurationName = Release;
		};
/* End XCConfigurationList section */

/* Begin XCRemoteSwiftPackageReference section */
		A7F0AD1A2933F47F00C127B3 /* XCRemoteSwiftPackageReference "CarBode-Barcode-Scanner-For-SwiftUI" */ = {
			isa = XCRemoteSwiftPackageReference;
			repositoryURL = "https://github.com/heart/CarBode-Barcode-Scanner-For-SwiftUI";
			requirement = {
				branch = 2.1.2;
				kind = branch;
			};
		};
/* End XCRemoteSwiftPackageReference section */

/* Begin XCSwiftPackageProductDependency section */
		A7F0AD1B2933F47F00C127B3 /* CarBode */ = {
			isa = XCSwiftPackageProductDependency;
			package = A7F0AD1A2933F47F00C127B3 /* XCRemoteSwiftPackageReference "CarBode-Barcode-Scanner-For-SwiftUI" */;
			productName = CarBode;
		};
/* End XCSwiftPackageProductDependency section */
	};
	rootObject = A71D83BD291ED7CF00EC78EF /* Project object */;
}
